
Microsoft Visual Studio Solution File, Format Version 12.00
# Visual Studio Version 17
VisualStudioVersion = 17.4.33213.308
MinimumVisualStudioVersion = 10.0.40219.1
Project("{FAE04EC0-301F-11D3-BF4B-00C04F79EFBC}") = "Client", "Client\Client.csproj", "{42E65049-F526-42F2-AFE9-0B67F660C38E}"
EndProject
Global
	GlobalSection(SolutionConfigurationPlatforms) = preSolution
		Debug|Any CPU = Debug|Any CPU
		Release|Any CPU = Release|Any CPU
	EndGlobalSection
	GlobalSection(ProjectConfigurationPlatforms) = postSolution
		{42E65049-F526-42F2-AFE9-0B67F660C38E}.Debug|Any CPU.ActiveCfg = Debug|Any CPU
		{42E65049-F526-42F2-AFE9-0B67F660C38E}.Debug|Any CPU.Build.0 = Debug|Any CPU
		{42E65049-F526-42F2-AFE9-0B67F660C38E}.Release|Any CPU.ActiveCfg = Release|Any CPU
		{42E65049-F526-42F2-AFE9-0B67F660C38E}.Release|Any CPU.Build.0 = Release|Any CPU
	EndGlobalSection
	GlobalSection(SolutionProperties) = preSolution
		HideSolutionNode = FALSE
	EndGlobalSection
	GlobalSection(ExtensibilityGlobals) = postSolution
		SolutionGuid = {1E54BA06-825B-4A8A-8EFD-1C0DBCF133EC}
	EndGlobalSection
EndGlobal
