
Microsoft Visual Studio Solution File, Format Version 12.00
# Visual Studio Version 17
VisualStudioVersion = 17.4.33213.308
MinimumVisualStudioVersion = 10.0.40219.1
Project("{FAE04EC0-301F-11D3-BF4B-00C04F79EFBC}") = "Area", "Area\Area.csproj", "{4C4A368D-70DC-42CE-AE29-05553DDA474B}"
EndProject
Global
	GlobalSection(SolutionConfigurationPlatforms) = preSolution
		Debug|Any CPU = Debug|Any CPU
		Release|Any CPU = Release|Any CPU
	EndGlobalSection
	GlobalSection(ProjectConfigurationPlatforms) = postSolution
		{4C4A368D-70DC-42CE-AE29-05553DDA474B}.Debug|Any CPU.ActiveCfg = Debug|Any CPU
		{4C4A368D-70DC-42CE-AE29-05553DDA474B}.Debug|Any CPU.Build.0 = Debug|Any CPU
		{4C4A368D-70DC-42CE-AE29-05553DDA474B}.Release|Any CPU.ActiveCfg = Release|Any CPU
		{4C4A368D-70DC-42CE-AE29-05553DDA474B}.Release|Any CPU.Build.0 = Release|Any CPU
	EndGlobalSection
	GlobalSection(SolutionProperties) = preSolution
		HideSolutionNode = FALSE
	EndGlobalSection
	GlobalSection(ExtensibilityGlobals) = postSolution
		SolutionGuid = {4FCB799E-758C-4AB2-BC6C-5B5AFD4C086F}
	EndGlobalSection
EndGlobal
