
Microsoft Visual Studio Solution File, Format Version 12.00
# Visual Studio Version 17
VisualStudioVersion = 17.4.33213.308
MinimumVisualStudioVersion = 10.0.40219.1
Project("{FAE04EC0-301F-11D3-BF4B-00C04F79EFBC}") = "UseEF", "UseEF\UseEF.csproj", "{30284FAB-B126-4E15-BF1D-A86E86953136}"
EndProject
Global
	GlobalSection(SolutionConfigurationPlatforms) = preSolution
		Debug|Any CPU = Debug|Any CPU
		Release|Any CPU = Release|Any CPU
	EndGlobalSection
	GlobalSection(ProjectConfigurationPlatforms) = postSolution
		{30284FAB-B126-4E15-BF1D-A86E86953136}.Debug|Any CPU.ActiveCfg = Debug|Any CPU
		{30284FAB-B126-4E15-BF1D-A86E86953136}.Debug|Any CPU.Build.0 = Debug|Any CPU
		{30284FAB-B126-4E15-BF1D-A86E86953136}.Release|Any CPU.ActiveCfg = Release|Any CPU
		{30284FAB-B126-4E15-BF1D-A86E86953136}.Release|Any CPU.Build.0 = Release|Any CPU
	EndGlobalSection
	GlobalSection(SolutionProperties) = preSolution
		HideSolutionNode = FALSE
	EndGlobalSection
	GlobalSection(ExtensibilityGlobals) = postSolution
		SolutionGuid = {9D32465E-285E-4B2A-A130-BABD3C9F769B}
	EndGlobalSection
EndGlobal
